
Microsoft Visual Studio Solution File, Format Version 12.00
# Visual Studio Version 16
VisualStudioVersion = 16.0.29519.87
MinimumVisualStudioVersion = 10.0.40219.1
Project("{9A19103F-16F7-4668-BE54-9A1E7A4F7556}") = "MapboxPrototypeAPI", "MapboxPrototypeAPI.csproj", "{42182B5F-F99C-4C4D-8A8F-B2008AA77598}"
EndProject
Global
	GlobalSection(SolutionConfigurationPlatforms) = preSolution
		Debug|Any CPU = Debug|Any CPU
		Release|Any CPU = Release|Any CPU
	EndGlobalSection
	GlobalSection(ProjectConfigurationPlatforms) = postSolution
		{42182B5F-F99C-4C4D-8A8F-B2008AA77598}.Debug|Any CPU.ActiveCfg = Debug|Any CPU
		{42182B5F-F99C-4C4D-8A8F-B2008AA77598}.Debug|Any CPU.Build.0 = Debug|Any CPU
		{42182B5F-F99C-4C4D-8A8F-B2008AA77598}.Release|Any CPU.ActiveCfg = Debug|Any CPU
		{42182B5F-F99C-4C4D-8A8F-B2008AA77598}.Release|Any CPU.Build.0 = Debug|Any CPU
	EndGlobalSection
	GlobalSection(SolutionProperties) = preSolution
		HideSolutionNode = FALSE
	EndGlobalSection
	GlobalSection(ExtensibilityGlobals) = postSolution
		SolutionGuid = {1464AD9A-20FA-4979-A7A9-903D73725739}
	EndGlobalSection
EndGlobal
